
Microsoft Visual Studio Solution File, Format Version 12.00
# Visual Studio Version 17
VisualStudioVersion = 17.1.32407.343
MinimumVisualStudioVersion = 10.0.40219.1
Project("{514D5FE2-A5B9-4A3B-A302-4EC33AB48600}") = "CategorizedBillMenus", "Source\CategorizedBillMenus.csproj", "{54455DBA-116B-4073-ACF1-0D04A849DD62}"
EndProject
Global
	GlobalSection(SolutionConfigurationPlatforms) = preSolution
		Debug|Any CPU = Debug|Any CPU
		Release|Any CPU = Release|Any CPU
	EndGlobalSection
	GlobalSection(ProjectConfigurationPlatforms) = postSolution
		{54455DBA-116B-4073-ACF1-0D04A849DD62}.Debug|Any CPU.ActiveCfg = Debug|Any CPU
		{54455DBA-116B-4073-ACF1-0D04A849DD62}.Debug|Any CPU.Build.0 = Debug|Any CPU
		{54455DBA-116B-4073-ACF1-0D04A849DD62}.Release|Any CPU.ActiveCfg = Release|Any CPU
		{54455DBA-116B-4073-ACF1-0D04A849DD62}.Release|Any CPU.Build.0 = Release|Any CPU
	EndGlobalSection
	GlobalSection(SolutionProperties) = preSolution
		HideSolutionNode = FALSE
	EndGlobalSection
	GlobalSection(ExtensibilityGlobals) = postSolution
		SolutionGuid = {F2190FF4-9E1A-46A1-B4C5-00C900F2A965}
	EndGlobalSection
EndGlobal
